
Microsoft Visual Studio Solution File, Format Version 12.00
# Visual Studio Version 16
VisualStudioVersion = 16.0.29418.71
MinimumVisualStudioVersion = 10.0.40219.1
Project("{FAE04EC0-301F-11D3-BF4B-00C04F79EFBC}") = "Staff.BLDAL", "Staff.BLDAL\Staff.BLDAL.csproj", "{97125B91-7A4B-44A4-A841-2CFFE5680E8C}"
EndProject
Project("{FAE04EC0-301F-11D3-BF4B-00C04F79EFBC}") = "StaffMVC", "StaffMVC\StaffMVC.csproj", "{EF62B5F7-A0AA-488D-A969-450CB998726F}"
EndProject
Global
	GlobalSection(SolutionConfigurationPlatforms) = preSolution
		Debug|Any CPU = Debug|Any CPU
		Release|Any CPU = Release|Any CPU
	EndGlobalSection
	GlobalSection(ProjectConfigurationPlatforms) = postSolution
		{97125B91-7A4B-44A4-A841-2CFFE5680E8C}.Debug|Any CPU.ActiveCfg = Debug|Any CPU
		{97125B91-7A4B-44A4-A841-2CFFE5680E8C}.Debug|Any CPU.Build.0 = Debug|Any CPU
		{97125B91-7A4B-44A4-A841-2CFFE5680E8C}.Release|Any CPU.ActiveCfg = Release|Any CPU
		{97125B91-7A4B-44A4-A841-2CFFE5680E8C}.Release|Any CPU.Build.0 = Release|Any CPU
		{EF62B5F7-A0AA-488D-A969-450CB998726F}.Debug|Any CPU.ActiveCfg = Debug|Any CPU
		{EF62B5F7-A0AA-488D-A969-450CB998726F}.Debug|Any CPU.Build.0 = Debug|Any CPU
		{EF62B5F7-A0AA-488D-A969-450CB998726F}.Release|Any CPU.ActiveCfg = Release|Any CPU
		{EF62B5F7-A0AA-488D-A969-450CB998726F}.Release|Any CPU.Build.0 = Release|Any CPU
	EndGlobalSection
	GlobalSection(SolutionProperties) = preSolution
		HideSolutionNode = FALSE
	EndGlobalSection
	GlobalSection(ExtensibilityGlobals) = postSolution
		SolutionGuid = {9DC8F6B1-6693-4D8A-B430-3BF4209C582A}
	EndGlobalSection
EndGlobal
